
Microsoft Visual Studio Solution File, Format Version 12.00
# Visual Studio 15
VisualStudioVersion = 15.0.28307.1022
MinimumVisualStudioVersion = 10.0.40219.1
Project("{FAE04EC0-301F-11D3-BF4B-00C04F79EFBC}") = "Twaddle", "Twaddle\Twaddle.csproj", "{CE6F2A75-70CA-467C-BE42-2B6CBA5E7CCD}"
EndProject
Global
	GlobalSection(SolutionConfigurationPlatforms) = preSolution
		Debug|Any CPU = Debug|Any CPU
		Release|Any CPU = Release|Any CPU
	EndGlobalSection
	GlobalSection(ProjectConfigurationPlatforms) = postSolution
		{CE6F2A75-70CA-467C-BE42-2B6CBA5E7CCD}.Debug|Any CPU.ActiveCfg = Debug|Any CPU
		{CE6F2A75-70CA-467C-BE42-2B6CBA5E7CCD}.Debug|Any CPU.Build.0 = Debug|Any CPU
		{CE6F2A75-70CA-467C-BE42-2B6CBA5E7CCD}.Release|Any CPU.ActiveCfg = Release|Any CPU
		{CE6F2A75-70CA-467C-BE42-2B6CBA5E7CCD}.Release|Any CPU.Build.0 = Release|Any CPU
	EndGlobalSection
	GlobalSection(SolutionProperties) = preSolution
		HideSolutionNode = FALSE
	EndGlobalSection
	GlobalSection(ExtensibilityGlobals) = postSolution
		SolutionGuid = {57A41EBC-C325-4F4A-A7C1-2C914BAAA2C7}
	EndGlobalSection
EndGlobal
